PODS:
  - Gloss (2.0.0)
  - Nimble (6.0.1)
  - ObjectMapper (3.3.0)
  - RxSwift (4.1.2)

DEPENDENCIES:
  - Gloss (~> 2.0)
  - Nimble (~> 6.0.0)
  - ObjectMapper (~> 3.3.0)
  - RxSwift (~> 4.0)

SPEC REPOS:
  https://github.com/cocoapods/specs.git:
    - Gloss
    - Nimble
    - ObjectMapper
    - RxSwift

SPEC CHECKSUMS:
  Gloss: b67617f327406adfd47adf20172d00680a3a31bd
  Nimble: 1527fd1bd2b4cf0636251a36bc8ab37e81da8347
  ObjectMapper: b612bf8c8e99c4dc0bb6013a51f7c27966ed5da9
  RxSwift: e49536837d9901277638493ea537394d4b55f570

PODFILE CHECKSUM: dadbe256ba1c8fabbcb053e975c3964f177f3e35

COCOAPODS: 1.5.3
