// !$*UTF8*$!
{
	archiveVersion = 1;
	classes = {
	};
	objectVersion = 46;
	objects = {

/* Begin PBXBuildFile section */
		4C54123E6D04FCD5DF958B8D /* Pods_iOS.framework in Frameworks */ = {isa = PBXBuildFile; fileRef = 250C684297392448FDF9AC05 /* Pods_iOS.framework */; };
		5732E5461C9C6F04005513E0 /* MockGlossClass.swift in Sources */ = {isa = PBXBuildFile; fileRef = 5732E5421C9C6F04005513E0 /* MockGlossClass.swift */; };
		5732E5471C9C6F04005513E0 /* MockGlossClass.swift in Sources */ = {isa = PBXBuildFile; fileRef = 5732E5421C9C6F04005513E0 /* MockGlossClass.swift */; };
		5732E5481C9C6F04005513E0 /* MockGlossStruct.swift in Sources */ = {isa = PBXBuildFile; fileRef = 5732E5431C9C6F04005513E0 /* MockGlossStruct.swift */; };
		5732E5491C9C6F04005513E0 /* MockGlossStruct.swift in Sources */ = {isa = PBXBuildFile; fileRef = 5732E5431C9C6F04005513E0 /* MockGlossStruct.swift */; };
		5732E54A1C9C6F04005513E0 /* MockOMClass.swift in Sources */ = {isa = PBXBuildFile; fileRef = 5732E5441C9C6F04005513E0 /* MockOMClass.swift */; };
		5732E54B1C9C6F04005513E0 /* MockOMClass.swift in Sources */ = {isa = PBXBuildFile; fileRef = 5732E5441C9C6F04005513E0 /* MockOMClass.swift */; };
		5732E54C1C9C6F04005513E0 /* MockOMStruct.swift in Sources */ = {isa = PBXBuildFile; fileRef = 5732E5451C9C6F04005513E0 /* MockOMStruct.swift */; };
		5732E54D1C9C6F04005513E0 /* MockOMStruct.swift in Sources */ = {isa = PBXBuildFile; fileRef = 5732E5451C9C6F04005513E0 /* MockOMStruct.swift */; };
		57A199CB1C9B096F00EF3D51 /* AppDelegate.swift in Sources */ = {isa = PBXBuildFile; fileRef = 57A199CA1C9B096F00EF3D51 /* AppDelegate.swift */; };
		57A199CD1C9B096F00EF3D51 /* ViewController.swift in Sources */ = {isa = PBXBuildFile; fileRef = 57A199CC1C9B096F00EF3D51 /* ViewController.swift */; };
		57A199D01C9B096F00EF3D51 /* Main.storyboard in Resources */ = {isa = PBXBuildFile; fileRef = 57A199CE1C9B096F00EF3D51 /* Main.storyboard */; };
		57A199D21C9B096F00EF3D51 /* Assets.xcassets in Resources */ = {isa = PBXBuildFile; fileRef = 57A199D11C9B096F00EF3D51 /* Assets.xcassets */; };
		57A199D51C9B096F00EF3D51 /* LaunchScreen.storyboard in Resources */ = {isa = PBXBuildFile; fileRef = 57A199D31C9B096F00EF3D51 /* LaunchScreen.storyboard */; };
		57A199E11C9B099300EF3D51 /* main.swift in Sources */ = {isa = PBXBuildFile; fileRef = 57A199E01C9B099300EF3D51 /* main.swift */; };
		57A199EA1C9B0B7000EF3D51 /* Respository.swift in Sources */ = {isa = PBXBuildFile; fileRef = 57A199E91C9B0B7000EF3D51 /* Respository.swift */; };
		57A199FC1C9B0D7300EF3D51 /* Respository.swift in Sources */ = {isa = PBXBuildFile; fileRef = 57A199E91C9B0B7000EF3D51 /* Respository.swift */; };
		A2CE96681DA96FBC007571CE /* Actions.swift in Sources */ = {isa = PBXBuildFile; fileRef = A2CE96431DA96FBC007571CE /* Actions.swift */; };
		A2CE96691DA96FBC007571CE /* Cacheable.swift in Sources */ = {isa = PBXBuildFile; fileRef = A2CE96441DA96FBC007571CE /* Cacheable.swift */; };
		A2CE966A1DA96FBC007571CE /* GlossCacheable.swift in Sources */ = {isa = PBXBuildFile; fileRef = A2CE96471DA96FBC007571CE /* GlossCacheable.swift */; };
		A2CE966B1DA96FBC007571CE /* OMCacheable.swift in Sources */ = {isa = PBXBuildFile; fileRef = A2CE96491DA96FBC007571CE /* OMCacheable.swift */; };
		A2CE966C1DA96FBC007571CE /* DynamicKey.swift in Sources */ = {isa = PBXBuildFile; fileRef = A2CE964A1DA96FBC007571CE /* DynamicKey.swift */; };
		A2CE966D1DA96FBC007571CE /* DynamicKeyGroup.swift in Sources */ = {isa = PBXBuildFile; fileRef = A2CE964B1DA96FBC007571CE /* DynamicKeyGroup.swift */; };
		A2CE966E1DA96FBC007571CE /* EvictDynamicKey.swift in Sources */ = {isa = PBXBuildFile; fileRef = A2CE964C1DA96FBC007571CE /* EvictDynamicKey.swift */; };
		A2CE966F1DA96FBC007571CE /* EvictDynamicKeyGroup.swift in Sources */ = {isa = PBXBuildFile; fileRef = A2CE964D1DA96FBC007571CE /* EvictDynamicKeyGroup.swift */; };
		A2CE96701DA96FBC007571CE /* EvictProvider.swift in Sources */ = {isa = PBXBuildFile; fileRef = A2CE964E1DA96FBC007571CE /* EvictProvider.swift */; };
		A2CE96711DA96FBC007571CE /* Action.swift in Sources */ = {isa = PBXBuildFile; fileRef = A2CE96511DA96FBC007571CE /* Action.swift */; };
		A2CE96721DA96FBC007571CE /* EvictExpirableRecordsPersistence.swift in Sources */ = {isa = PBXBuildFile; fileRef = A2CE96521DA96FBC007571CE /* EvictExpirableRecordsPersistence.swift */; };
		A2CE96731DA96FBC007571CE /* EvictExpiredRecordsPersistence.swift in Sources */ = {isa = PBXBuildFile; fileRef = A2CE96531DA96FBC007571CE /* EvictExpiredRecordsPersistence.swift */; };
		A2CE96741DA96FBC007571CE /* EvictRecord.swift in Sources */ = {isa = PBXBuildFile; fileRef = A2CE96541DA96FBC007571CE /* EvictRecord.swift */; };
		A2CE96751DA96FBC007571CE /* GetDeepCopy.swift in Sources */ = {isa = PBXBuildFile; fileRef = A2CE96551DA96FBC007571CE /* GetDeepCopy.swift */; };
		A2CE96761DA96FBC007571CE /* HasRecordExpired.swift in Sources */ = {isa = PBXBuildFile; fileRef = A2CE96561DA96FBC007571CE /* HasRecordExpired.swift */; };
		A2CE96771DA96FBC007571CE /* RetrieveRecord.swift in Sources */ = {isa = PBXBuildFile; fileRef = A2CE96571DA96FBC007571CE /* RetrieveRecord.swift */; };
		A2CE96781DA96FBC007571CE /* SaveRecord.swift in Sources */ = {isa = PBXBuildFile; fileRef = A2CE96581DA96FBC007571CE /* SaveRecord.swift */; };
		A2CE96791DA96FBC007571CE /* TwoLayersCache.swift in Sources */ = {isa = PBXBuildFile; fileRef = A2CE96591DA96FBC007571CE /* TwoLayersCache.swift */; };
		A2CE967A1DA96FBC007571CE /* Locale.swift in Sources */ = {isa = PBXBuildFile; fileRef = A2CE965A1DA96FBC007571CE /* Locale.swift */; };
		A2CE967B1DA96FBC007571CE /* Memory.swift in Sources */ = {isa = PBXBuildFile; fileRef = A2CE965B1DA96FBC007571CE /* Memory.swift */; };
		A2CE967C1DA96FBC007571CE /* MemoryNsCache.swift in Sources */ = {isa = PBXBuildFile; fileRef = A2CE965C1DA96FBC007571CE /* MemoryNsCache.swift */; };
		A2CE967D1DA96FBC007571CE /* Disk.swift in Sources */ = {isa = PBXBuildFile; fileRef = A2CE965E1DA96FBC007571CE /* Disk.swift */; };
		A2CE967E1DA96FBC007571CE /* Persistence.swift in Sources */ = {isa = PBXBuildFile; fileRef = A2CE965F1DA96FBC007571CE /* Persistence.swift */; };
		A2CE967F1DA96FBC007571CE /* Record.swift in Sources */ = {isa = PBXBuildFile; fileRef = A2CE96601DA96FBC007571CE /* Record.swift */; };
		A2CE96801DA96FBC007571CE /* PlaceholderProvider.swift in Sources */ = {isa = PBXBuildFile; fileRef = A2CE96611DA96FBC007571CE /* PlaceholderProvider.swift */; };
		A2CE96811DA96FBC007571CE /* RxCacheInternal.swift in Sources */ = {isa = PBXBuildFile; fileRef = A2CE96621DA96FBC007571CE /* RxCacheInternal.swift */; };
		A2CE96821DA96FBC007571CE /* LifeCache.swift in Sources */ = {isa = PBXBuildFile; fileRef = A2CE96631DA96FBC007571CE /* LifeCache.swift */; };
		A2CE96831DA96FBC007571CE /* Provider.swift in Sources */ = {isa = PBXBuildFile; fileRef = A2CE96641DA96FBC007571CE /* Provider.swift */; };
		A2CE96841DA96FBC007571CE /* Reply.swift in Sources */ = {isa = PBXBuildFile; fileRef = A2CE96651DA96FBC007571CE /* Reply.swift */; };
		A2CE96851DA96FBC007571CE /* RxCache.swift in Sources */ = {isa = PBXBuildFile; fileRef = A2CE96661DA96FBC007571CE /* RxCache.swift */; };
		A2CE96861DA96FBC007571CE /* Source.swift in Sources */ = {isa = PBXBuildFile; fileRef = A2CE96671DA96FBC007571CE /* Source.swift */; };
		EE833506BE24E211FE65B6AF /* Pods_OSX.framework in Frameworks */ = {isa = PBXBuildFile; fileRef = B7D6A30B78D29B5CC9C16ACE /* Pods_OSX.framework */; };
/* End PBXBuildFile section */

/* Begin PBXCopyFilesBuildPhase section */
		57A199DC1C9B099300EF3D51 /* CopyFiles */ = {
			isa = PBXCopyFilesBuildPhase;
			buildActionMask = 2147483647;
			dstPath = /usr/share/man/man1/;
			dstSubfolderSpec = 0;
			files = (
			);
			runOnlyForDeploymentPostprocessing = 1;
		};
/* End PBXCopyFilesBuildPhase section */

/* Begin PBXFileReference section */
		250C684297392448FDF9AC05 /* Pods_iOS.framework */ = {isa = PBXFileReference; explicitFileType = wrapper.framework; includeInIndex = 0; path = Pods_iOS.framework; sourceTree = BUILT_PRODUCTS_DIR; };
		380CB1152BBA11C31CF0B4BC /* Pods-OSX.release.xcconfig */ = {isa = PBXFileReference; includeInIndex = 1; lastKnownFileType = text.xcconfig; name = "Pods-OSX.release.xcconfig"; path = "Pods/Target Support Files/Pods-OSX/Pods-OSX.release.xcconfig"; sourceTree = "<group>"; };
		5732E5421C9C6F04005513E0 /* MockGlossClass.swift */ = {isa = PBXFileReference; fileEncoding = 4; lastKnownFileType = sourcecode.swift; name = MockGlossClass.swift; path = ../Tests/entities/MockGlossClass.swift; sourceTree = "<group>"; };
		5732E5431C9C6F04005513E0 /* MockGlossStruct.swift */ = {isa = PBXFileReference; fileEncoding = 4; lastKnownFileType = sourcecode.swift; name = MockGlossStruct.swift; path = ../Tests/entities/MockGlossStruct.swift; sourceTree = "<group>"; };
		5732E5441C9C6F04005513E0 /* MockOMClass.swift */ = {isa = PBXFileReference; fileEncoding = 4; lastKnownFileType = sourcecode.swift; name = MockOMClass.swift; path = ../Tests/entities/MockOMClass.swift; sourceTree = "<group>"; };
		5732E5451C9C6F04005513E0 /* MockOMStruct.swift */ = {isa = PBXFileReference; fileEncoding = 4; lastKnownFileType = sourcecode.swift; name = MockOMStruct.swift; path = ../Tests/entities/MockOMStruct.swift; sourceTree = "<group>"; };
		57A199C71C9B096F00EF3D51 /* iOS.app */ = {isa = PBXFileReference; explicitFileType = wrapper.application; includeInIndex = 0; path = iOS.app; sourceTree = BUILT_PRODUCTS_DIR; };
		57A199CA1C9B096F00EF3D51 /* AppDelegate.swift */ = {isa = PBXFileReference; lastKnownFileType = sourcecode.swift; path = AppDelegate.swift; sourceTree = "<group>"; };
		57A199CC1C9B096F00EF3D51 /* ViewController.swift */ = {isa = PBXFileReference; lastKnownFileType = sourcecode.swift; path = ViewController.swift; sourceTree = "<group>"; };
		57A199CF1C9B096F00EF3D51 /* Base */ = {isa = PBXFileReference; lastKnownFileType = file.storyboard; name = Base; path = Base.lproj/Main.storyboard; sourceTree = "<group>"; };
		57A199D11C9B096F00EF3D51 /* Assets.xcassets */ = {isa = PBXFileReference; lastKnownFileType = folder.assetcatalog; path = Assets.xcassets; sourceTree = "<group>"; };
		57A199D41C9B096F00EF3D51 /* Base */ = {isa = PBXFileReference; lastKnownFileType = file.storyboard; name = Base; path = Base.lproj/LaunchScreen.storyboard; sourceTree = "<group>"; };
		57A199D61C9B096F00EF3D51 /* Info.plist */ = {isa = PBXFileReference; lastKnownFileType = text.plist.xml; path = Info.plist; sourceTree = "<group>"; };
		57A199DE1C9B099300EF3D51 /* OSX */ = {isa = PBXFileReference; explicitFileType = "compiled.mach-o.executable"; includeInIndex = 0; path = OSX; sourceTree = BUILT_PRODUCTS_DIR; };
		57A199E01C9B099300EF3D51 /* main.swift */ = {isa = PBXFileReference; lastKnownFileType = sourcecode.swift; path = main.swift; sourceTree = "<group>"; };
		57A199E91C9B0B7000EF3D51 /* Respository.swift */ = {isa = PBXFileReference; fileEncoding = 4; lastKnownFileType = sourcecode.swift; name = Respository.swift; path = Data/Respository.swift; sourceTree = "<group>"; };
		5A343DDC3BC5F7D64283E754 /* Pods-OSX.debug.xcconfig */ = {isa = PBXFileReference; includeInIndex = 1; lastKnownFileType = text.xcconfig; name = "Pods-OSX.debug.xcconfig"; path = "Pods/Target Support Files/Pods-OSX/Pods-OSX.debug.xcconfig"; sourceTree = "<group>"; };
		76A3720FD052861BA8602F84 /* Pods-iOS.debug.xcconfig */ = {isa = PBXFileReference; includeInIndex = 1; lastKnownFileType = text.xcconfig; name = "Pods-iOS.debug.xcconfig"; path = "Pods/Target Support Files/Pods-iOS/Pods-iOS.debug.xcconfig"; sourceTree = "<group>"; };
		879254ECA463D920DDB0C048 /* Pods-iOS.release.xcconfig */ = {isa = PBXFileReference; includeInIndex = 1; lastKnownFileType = text.xcconfig; name = "Pods-iOS.release.xcconfig"; path = "Pods/Target Support Files/Pods-iOS/Pods-iOS.release.xcconfig"; sourceTree = "<group>"; };
		A2CE96431DA96FBC007571CE /* Actions.swift */ = {isa = PBXFileReference; fileEncoding = 4; lastKnownFileType = sourcecode.swift; path = Actions.swift; sourceTree = "<group>"; };
		A2CE96441DA96FBC007571CE /* Cacheable.swift */ = {isa = PBXFileReference; fileEncoding = 4; lastKnownFileType = sourcecode.swift; path = Cacheable.swift; sourceTree = "<group>"; };
		A2CE96471DA96FBC007571CE /* GlossCacheable.swift */ = {isa = PBXFileReference; fileEncoding = 4; lastKnownFileType = sourcecode.swift; path = GlossCacheable.swift; sourceTree = "<group>"; };
		A2CE96491DA96FBC007571CE /* OMCacheable.swift */ = {isa = PBXFileReference; fileEncoding = 4; lastKnownFileType = sourcecode.swift; path = OMCacheable.swift; sourceTree = "<group>"; };
		A2CE964A1DA96FBC007571CE /* DynamicKey.swift */ = {isa = PBXFileReference; fileEncoding = 4; lastKnownFileType = sourcecode.swift; path = DynamicKey.swift; sourceTree = "<group>"; };
		A2CE964B1DA96FBC007571CE /* DynamicKeyGroup.swift */ = {isa = PBXFileReference; fileEncoding = 4; lastKnownFileType = sourcecode.swift; path = DynamicKeyGroup.swift; sourceTree = "<group>"; };
		A2CE964C1DA96FBC007571CE /* EvictDynamicKey.swift */ = {isa = PBXFileReference; fileEncoding = 4; lastKnownFileType = sourcecode.swift; path = EvictDynamicKey.swift; sourceTree = "<group>"; };
		A2CE964D1DA96FBC007571CE /* EvictDynamicKeyGroup.swift */ = {isa = PBXFileReference; fileEncoding = 4; lastKnownFileType = sourcecode.swift; path = EvictDynamicKeyGroup.swift; sourceTree = "<group>"; };
		A2CE964E1DA96FBC007571CE /* EvictProvider.swift */ = {isa = PBXFileReference; fileEncoding = 4; lastKnownFileType = sourcecode.swift; path = EvictProvider.swift; sourceTree = "<group>"; };
		A2CE96511DA96FBC007571CE /* Action.swift */ = {isa = PBXFileReference; fileEncoding = 4; lastKnownFileType = sourcecode.swift; path = Action.swift; sourceTree = "<group>"; };
		A2CE96521DA96FBC007571CE /* EvictExpirableRecordsPersistence.swift */ = {isa = PBXFileReference; fileEncoding = 4; lastKnownFileType = sourcecode.swift; path = EvictExpirableRecordsPersistence.swift; sourceTree = "<group>"; };
		A2CE96531DA96FBC007571CE /* EvictExpiredRecordsPersistence.swift */ = {isa = PBXFileReference; fileEncoding = 4; lastKnownFileType = sourcecode.swift; path = EvictExpiredRecordsPersistence.swift; sourceTree = "<group>"; };
		A2CE96541DA96FBC007571CE /* EvictRecord.swift */ = {isa = PBXFileReference; fileEncoding = 4; lastKnownFileType = sourcecode.swift; path = EvictRecord.swift; sourceTree = "<group>"; };
		A2CE96551DA96FBC007571CE /* GetDeepCopy.swift */ = {isa = PBXFileReference; fileEncoding = 4; lastKnownFileType = sourcecode.swift; path = GetDeepCopy.swift; sourceTree = "<group>"; };
		A2CE96561DA96FBC007571CE /* HasRecordExpired.swift */ = {isa = PBXFileReference; fileEncoding = 4; lastKnownFileType = sourcecode.swift; path = HasRecordExpired.swift; sourceTree = "<group>"; };
		A2CE96571DA96FBC007571CE /* RetrieveRecord.swift */ = {isa = PBXFileReference; fileEncoding = 4; lastKnownFileType = sourcecode.swift; path = RetrieveRecord.swift; sourceTree = "<group>"; };
		A2CE96581DA96FBC007571CE /* SaveRecord.swift */ = {isa = PBXFileReference; fileEncoding = 4; lastKnownFileType = sourcecode.swift; path = SaveRecord.swift; sourceTree = "<group>"; };
		A2CE96591DA96FBC007571CE /* TwoLayersCache.swift */ = {isa = PBXFileReference; fileEncoding = 4; lastKnownFileType = sourcecode.swift; path = TwoLayersCache.swift; sourceTree = "<group>"; };
		A2CE965A1DA96FBC007571CE /* Locale.swift */ = {isa = PBXFileReference; fileEncoding = 4; lastKnownFileType = sourcecode.swift; path = Locale.swift; sourceTree = "<group>"; };
		A2CE965B1DA96FBC007571CE /* Memory.swift */ = {isa = PBXFileReference; fileEncoding = 4; lastKnownFileType = sourcecode.swift; path = Memory.swift; sourceTree = "<group>"; };
		A2CE965C1DA96FBC007571CE /* MemoryNsCache.swift */ = {isa = PBXFileReference; fileEncoding = 4; lastKnownFileType = sourcecode.swift; path = MemoryNsCache.swift; sourceTree = "<group>"; };
		A2CE965E1DA96FBC007571CE /* Disk.swift */ = {isa = PBXFileReference; fileEncoding = 4; lastKnownFileType = sourcecode.swift; path = Disk.swift; sourceTree = "<group>"; };
		A2CE965F1DA96FBC007571CE /* Persistence.swift */ = {isa = PBXFileReference; fileEncoding = 4; lastKnownFileType = sourcecode.swift; path = Persistence.swift; sourceTree = "<group>"; };
		A2CE96601DA96FBC007571CE /* Record.swift */ = {isa = PBXFileReference; fileEncoding = 4; lastKnownFileType = sourcecode.swift; path = Record.swift; sourceTree = "<group>"; };
		A2CE96611DA96FBC007571CE /* PlaceholderProvider.swift */ = {isa = PBXFileReference; fileEncoding = 4; lastKnownFileType = sourcecode.swift; path = PlaceholderProvider.swift; sourceTree = "<group>"; };
		A2CE96621DA96FBC007571CE /* RxCacheInternal.swift */ = {isa = PBXFileReference; fileEncoding = 4; lastKnownFileType = sourcecode.swift; path = RxCacheInternal.swift; sourceTree = "<group>"; };
		A2CE96631DA96FBC007571CE /* LifeCache.swift */ = {isa = PBXFileReference; fileEncoding = 4; lastKnownFileType = sourcecode.swift; path = LifeCache.swift; sourceTree = "<group>"; };
		A2CE96641DA96FBC007571CE /* Provider.swift */ = {isa = PBXFileReference; fileEncoding = 4; lastKnownFileType = sourcecode.swift; path = Provider.swift; sourceTree = "<group>"; };
		A2CE96651DA96FBC007571CE /* Reply.swift */ = {isa = PBXFileReference; fileEncoding = 4; lastKnownFileType = sourcecode.swift; path = Reply.swift; sourceTree = "<group>"; };
		A2CE96661DA96FBC007571CE /* RxCache.swift */ = {isa = PBXFileReference; fileEncoding = 4; lastKnownFileType = sourcecode.swift; path = RxCache.swift; sourceTree = "<group>"; };
		A2CE96671DA96FBC007571CE /* Source.swift */ = {isa = PBXFileReference; fileEncoding = 4; lastKnownFileType = sourcecode.swift; path = Source.swift; sourceTree = "<group>"; };
		B7D6A30B78D29B5CC9C16ACE /* Pods_OSX.framework */ = {isa = PBXFileReference; explicitFileType = wrapper.framework; includeInIndex = 0; path = Pods_OSX.framework; sourceTree = BUILT_PRODUCTS_DIR; };
/* End PBXFileReference section */

/* Begin PBXFrameworksBuildPhase section */
		57A199C41C9B096F00EF3D51 /* Frameworks */ = {
			isa = PBXFrameworksBuildPhase;
			buildActionMask = 2147483647;
			files = (
				4C54123E6D04FCD5DF958B8D /* Pods_iOS.framework in Frameworks */,
			);
			runOnlyForDeploymentPostprocessing = 0;
		};
		57A199DB1C9B099300EF3D51 /* Frameworks */ = {
			isa = PBXFrameworksBuildPhase;
			buildActionMask = 2147483647;
			files = (
				EE833506BE24E211FE65B6AF /* Pods_OSX.framework in Frameworks */,
			);
			runOnlyForDeploymentPostprocessing = 0;
		};
/* End PBXFrameworksBuildPhase section */

/* Begin PBXGroup section */
		57A199BC1C9B095C00EF3D51 = {
			isa = PBXGroup;
			children = (
				A2CE96421DA96FBC007571CE /* Sources */,
				57A199E51C9B099F00EF3D51 /* Data */,
				57A199C91C9B096F00EF3D51 /* iOS */,
				57A199DF1C9B099300EF3D51 /* OSX */,
				57A199C81C9B096F00EF3D51 /* Products */,
				8EE4FBA98530D8C822D6F564 /* Pods */,
				9354E4A296758FF2A30B0630 /* Frameworks */,
			);
			sourceTree = "<group>";
		};
		57A199C81C9B096F00EF3D51 /* Products */ = {
			isa = PBXGroup;
			children = (
				57A199C71C9B096F00EF3D51 /* iOS.app */,
				57A199DE1C9B099300EF3D51 /* OSX */,
			);
			name = Products;
			sourceTree = "<group>";
		};
		57A199C91C9B096F00EF3D51 /* iOS */ = {
			isa = PBXGroup;
			children = (
				57A199CA1C9B096F00EF3D51 /* AppDelegate.swift */,
				57A199CC1C9B096F00EF3D51 /* ViewController.swift */,
				57A199CE1C9B096F00EF3D51 /* Main.storyboard */,
				57A199D11C9B096F00EF3D51 /* Assets.xcassets */,
				57A199D31C9B096F00EF3D51 /* LaunchScreen.storyboard */,
				57A199D61C9B096F00EF3D51 /* Info.plist */,
			);
			path = iOS;
			sourceTree = "<group>";
		};
		57A199DF1C9B099300EF3D51 /* OSX */ = {
			isa = PBXGroup;
			children = (
				57A199E01C9B099300EF3D51 /* main.swift */,
			);
			path = OSX;
			sourceTree = "<group>";
		};
		57A199E51C9B099F00EF3D51 /* Data */ = {
			isa = PBXGroup;
			children = (
				5732E5421C9C6F04005513E0 /* MockGlossClass.swift */,
				5732E5431C9C6F04005513E0 /* MockGlossStruct.swift */,
				5732E5441C9C6F04005513E0 /* MockOMClass.swift */,
				5732E5451C9C6F04005513E0 /* MockOMStruct.swift */,
				57A199E91C9B0B7000EF3D51 /* Respository.swift */,
			);
			name = Data;
			sourceTree = "<group>";
		};
		8EE4FBA98530D8C822D6F564 /* Pods */ = {
			isa = PBXGroup;
			children = (
				5A343DDC3BC5F7D64283E754 /* Pods-OSX.debug.xcconfig */,
				380CB1152BBA11C31CF0B4BC /* Pods-OSX.release.xcconfig */,
				76A3720FD052861BA8602F84 /* Pods-iOS.debug.xcconfig */,
				879254ECA463D920DDB0C048 /* Pods-iOS.release.xcconfig */,
			);
			name = Pods;
			sourceTree = "<group>";
		};
		9354E4A296758FF2A30B0630 /* Frameworks */ = {
			isa = PBXGroup;
			children = (
				B7D6A30B78D29B5CC9C16ACE /* Pods_OSX.framework */,
				250C684297392448FDF9AC05 /* Pods_iOS.framework */,
			);
			name = Frameworks;
			sourceTree = "<group>";
		};
		A2CE96421DA96FBC007571CE /* Sources */ = {
			isa = PBXGroup;
			children = (
				A2CE96431DA96FBC007571CE /* Actions.swift */,
				A2CE96441DA96FBC007571CE /* Cacheable.swift */,
				A2CE96451DA96FBC007571CE /* Cacheables */,
				A2CE964A1DA96FBC007571CE /* DynamicKey.swift */,
				A2CE964B1DA96FBC007571CE /* DynamicKeyGroup.swift */,
				A2CE964C1DA96FBC007571CE /* EvictDynamicKey.swift */,
				A2CE964D1DA96FBC007571CE /* EvictDynamicKeyGroup.swift */,
				A2CE964E1DA96FBC007571CE /* EvictProvider.swift */,
				A2CE964F1DA96FBC007571CE /* internal */,
				A2CE96631DA96FBC007571CE /* LifeCache.swift */,
				A2CE96641DA96FBC007571CE /* Provider.swift */,
				A2CE96651DA96FBC007571CE /* Reply.swift */,
				A2CE96661DA96FBC007571CE /* RxCache.swift */,
				A2CE96671DA96FBC007571CE /* Source.swift */,
			);
			name = Sources;
			path = ../Sources;
			sourceTree = "<group>";
		};
		A2CE96451DA96FBC007571CE /* Cacheables */ = {
			isa = PBXGroup;
			children = (
				A2CE96461DA96FBC007571CE /* Gloss */,
				A2CE96481DA96FBC007571CE /* ObjectMapper */,
			);
			path = Cacheables;
			sourceTree = "<group>";
		};
		A2CE96461DA96FBC007571CE /* Gloss */ = {
			isa = PBXGroup;
			children = (
				A2CE96471DA96FBC007571CE /* GlossCacheable.swift */,
			);
			path = Gloss;
			sourceTree = "<group>";
		};
		A2CE96481DA96FBC007571CE /* ObjectMapper */ = {
			isa = PBXGroup;
			children = (
				A2CE96491DA96FBC007571CE /* OMCacheable.swift */,
			);
			path = ObjectMapper;
			sourceTree = "<group>";
		};
		A2CE964F1DA96FBC007571CE /* internal */ = {
			isa = PBXGroup;
			children = (
				A2CE96501DA96FBC007571CE /* cache */,
				A2CE965A1DA96FBC007571CE /* Locale.swift */,
				A2CE965B1DA96FBC007571CE /* Memory.swift */,
				A2CE965C1DA96FBC007571CE /* MemoryNsCache.swift */,
				A2CE965D1DA96FBC007571CE /* persistence */,
				A2CE96611DA96FBC007571CE /* PlaceholderProvider.swift */,
				A2CE96621DA96FBC007571CE /* RxCacheInternal.swift */,
			);
			path = internal;
			sourceTree = "<group>";
		};
		A2CE96501DA96FBC007571CE /* cache */ = {
			isa = PBXGroup;
			children = (
				A2CE96511DA96FBC007571CE /* Action.swift */,
				A2CE96521DA96FBC007571CE /* EvictExpirableRecordsPersistence.swift */,
				A2CE96531DA96FBC007571CE /* EvictExpiredRecordsPersistence.swift */,
				A2CE96541DA96FBC007571CE /* EvictRecord.swift */,
				A2CE96551DA96FBC007571CE /* GetDeepCopy.swift */,
				A2CE96561DA96FBC007571CE /* HasRecordExpired.swift */,
				A2CE96571DA96FBC007571CE /* RetrieveRecord.swift */,
				A2CE96581DA96FBC007571CE /* SaveRecord.swift */,
				A2CE96591DA96FBC007571CE /* TwoLayersCache.swift */,
			);
			path = cache;
			sourceTree = "<group>";
		};
		A2CE965D1DA96FBC007571CE /* persistence */ = {
			isa = PBXGroup;
			children = (
				A2CE965E1DA96FBC007571CE /* Disk.swift */,
				A2CE965F1DA96FBC007571CE /* Persistence.swift */,
				A2CE96601DA96FBC007571CE /* Record.swift */,
			);
			path = persistence;
			sourceTree = "<group>";
		};
/* End PBXGroup section */

/* Begin PBXNativeTarget section */
		57A199C61C9B096F00EF3D51 /* iOS */ = {
			isa = PBXNativeTarget;
			buildConfigurationList = 57A199D71C9B096F00EF3D51 /* Build configuration list for PBXNativeTarget "iOS" */;
			buildPhases = (
				F76A3C5231B955E16E023430 /* [CP] Check Pods Manifest.lock */,
				57A199C31C9B096F00EF3D51 /* Sources */,
				57A199C41C9B096F00EF3D51 /* Frameworks */,
				57A199C51C9B096F00EF3D51 /* Resources */,
				84617E09737A2475B126F8B1 /* [CP] Embed Pods Frameworks */,
				04E88058E16A65B3760CECF5 /* [CP] Copy Pods Resources */,
			);
			buildRules = (
			);
			dependencies = (
			);
			name = iOS;
			productName = iOS;
			productReference = 57A199C71C9B096F00EF3D51 /* iOS.app */;
			productType = "com.apple.product-type.application";
		};
		57A199DD1C9B099300EF3D51 /* OSX */ = {
			isa = PBXNativeTarget;
			buildConfigurationList = 57A199E21C9B099300EF3D51 /* Build configuration list for PBXNativeTarget "OSX" */;
			buildPhases = (
				FFC46A0ED6924AC469EA9A38 /* [CP] Check Pods Manifest.lock */,
				57A199DA1C9B099300EF3D51 /* Sources */,
				57A199DB1C9B099300EF3D51 /* Frameworks */,
				57A199DC1C9B099300EF3D51 /* CopyFiles */,
				486415E7FE45CBCEFB1213D3 /* [CP] Copy Pods Resources */,
			);
			buildRules = (
			);
			dependencies = (
			);
			name = OSX;
			productName = OSX;
			productReference = 57A199DE1C9B099300EF3D51 /* OSX */;
			productType = "com.apple.product-type.tool";
		};
/* End PBXNativeTarget section */

/* Begin PBXProject section */
		57A199BD1C9B095C00EF3D51 /* Project object */ = {
			isa = PBXProject;
			attributes = {
				LastSwiftUpdateCheck = 0720;
				LastUpgradeCheck = 0720;
				TargetAttributes = {
					57A199C61C9B096F00EF3D51 = {
						CreatedOnToolsVersion = 7.2.1;
						LastSwiftMigration = 0800;
					};
					57A199DD1C9B099300EF3D51 = {
						CreatedOnToolsVersion = 7.2.1;
					};
				};
			};
			buildConfigurationList = 57A199C01C9B095C00EF3D51 /* Build configuration list for PBXProject "Examples" */;
			compatibilityVersion = "Xcode 3.2";
			developmentRegion = English;
			hasScannedForEncodings = 0;
			knownRegions = (
				en,
				Base,
			);
			mainGroup = 57A199BC1C9B095C00EF3D51;
			productRefGroup = 57A199C81C9B096F00EF3D51 /* Products */;
			projectDirPath = "";
			projectRoot = "";
			targets = (
				57A199C61C9B096F00EF3D51 /* iOS */,
				57A199DD1C9B099300EF3D51 /* OSX */,
			);
		};
/* End PBXProject section */

/* Begin PBXResourcesBuildPhase section */
		57A199C51C9B096F00EF3D51 /* Resources */ = {
			isa = PBXResourcesBuildPhase;
			buildActionMask = 2147483647;
			files = (
				57A199D51C9B096F00EF3D51 /* LaunchScreen.storyboard in Resources */,
				57A199D21C9B096F00EF3D51 /* Assets.xcassets in Resources */,
				57A199D01C9B096F00EF3D51 /* Main.storyboard in Resources */,
			);
			runOnlyForDeploymentPostprocessing = 0;
		};
/* End PBXResourcesBuildPhase section */

/* Begin PBXShellScriptBuildPhase section */
		04E88058E16A65B3760CECF5 /* [CP] Copy Pods Resources */ = {
			isa = PBXShellScriptBuildPhase;
			buildActionMask = 2147483647;
			files = (
			);
			inputPaths = (
			);
			name = "[CP] Copy Pods Resources";
			outputPaths = (
			);
			runOnlyForDeploymentPostprocessing = 0;
			shellPath = /bin/sh;
			shellScript = "\"${SRCROOT}/Pods/Target Support Files/Pods-iOS/Pods-iOS-resources.sh\"\n";
			showEnvVarsInLog = 0;
		};
		486415E7FE45CBCEFB1213D3 /* [CP] Copy Pods Resources */ = {
			isa = PBXShellScriptBuildPhase;
			buildActionMask = 2147483647;
			files = (
			);
			inputPaths = (
			);
			name = "[CP] Copy Pods Resources";
			outputPaths = (
			);
			runOnlyForDeploymentPostprocessing = 0;
			shellPath = /bin/sh;
			shellScript = "\"${SRCROOT}/Pods/Target Support Files/Pods-OSX/Pods-OSX-resources.sh\"\n";
			showEnvVarsInLog = 0;
		};
		84617E09737A2475B126F8B1 /* [CP] Embed Pods Frameworks */ = {
			isa = PBXShellScriptBuildPhase;
			buildActionMask = 2147483647;
			files = (
			);
			inputPaths = (
			);
			name = "[CP] Embed Pods Frameworks";
			outputPaths = (
			);
			runOnlyForDeploymentPostprocessing = 0;
			shellPath = /bin/sh;
			shellScript = "\"${SRCROOT}/Pods/Target Support Files/Pods-iOS/Pods-iOS-frameworks.sh\"\n";
			showEnvVarsInLog = 0;
		};
		F76A3C5231B955E16E023430 /* [CP] Check Pods Manifest.lock */ = {
			isa = PBXShellScriptBuildPhase;
			buildActionMask = 2147483647;
			files = (
			);
			inputPaths = (
			);
			name = "[CP] Check Pods Manifest.lock";
			outputPaths = (
			);
			runOnlyForDeploymentPostprocessing = 0;
			shellPath = /bin/sh;
			shellScript = "diff \"${PODS_ROOT}/../Podfile.lock\" \"${PODS_ROOT}/Manifest.lock\" > /dev/null\nif [ $? != 0 ] ; then\n    # print error to STDERR\n    echo \"error: The sandbox is not in sync with the Podfile.lock. Run 'pod install' or update your CocoaPods installation.\" >&2\n    exit 1\nfi\n";
			showEnvVarsInLog = 0;
		};
		FFC46A0ED6924AC469EA9A38 /* [CP] Check Pods Manifest.lock */ = {
			isa = PBXShellScriptBuildPhase;
			buildActionMask = 2147483647;
			files = (
			);
			inputPaths = (
			);
			name = "[CP] Check Pods Manifest.lock";
			outputPaths = (
			);
			runOnlyForDeploymentPostprocessing = 0;
			shellPath = /bin/sh;
			shellScript = "diff \"${PODS_ROOT}/../Podfile.lock\" \"${PODS_ROOT}/Manifest.lock\" > /dev/null\nif [ $? != 0 ] ; then\n    # print error to STDERR\n    echo \"error: The sandbox is not in sync with the Podfile.lock. Run 'pod install' or update your CocoaPods installation.\" >&2\n    exit 1\nfi\n";
			showEnvVarsInLog = 0;
		};
/* End PBXShellScriptBuildPhase section */

/* Begin PBXSourcesBuildPhase section */
		57A199C31C9B096F00EF3D51 /* Sources */ = {
			isa = PBXSourcesBuildPhase;
			buildActionMask = 2147483647;
			files = (
				A2CE96861DA96FBC007571CE /* Source.swift in Sources */,
				A2CE96791DA96FBC007571CE /* TwoLayersCache.swift in Sources */,
				A2CE966B1DA96FBC007571CE /* OMCacheable.swift in Sources */,
				A2CE96801DA96FBC007571CE /* PlaceholderProvider.swift in Sources */,
				57A199EA1C9B0B7000EF3D51 /* Respository.swift in Sources */,
				A2CE96681DA96FBC007571CE /* Actions.swift in Sources */,
				A2CE96721DA96FBC007571CE /* EvictExpirableRecordsPersistence.swift in Sources */,
				57A199CD1C9B096F00EF3D51 /* ViewController.swift in Sources */,
				A2CE96771DA96FBC007571CE /* RetrieveRecord.swift in Sources */,
				A2CE967A1DA96FBC007571CE /* Locale.swift in Sources */,
				A2CE96851DA96FBC007571CE /* RxCache.swift in Sources */,
				A2CE967C1DA96FBC007571CE /* MemoryNsCache.swift in Sources */,
				A2CE967E1DA96FBC007571CE /* Persistence.swift in Sources */,
				A2CE96701DA96FBC007571CE /* EvictProvider.swift in Sources */,
				A2CE967B1DA96FBC007571CE /* Memory.swift in Sources */,
				A2CE966A1DA96FBC007571CE /* GlossCacheable.swift in Sources */,
				A2CE966E1DA96FBC007571CE /* EvictDynamicKey.swift in Sources */,
				5732E54A1C9C6F04005513E0 /* MockOMClass.swift in Sources */,
				A2CE96731DA96FBC007571CE /* EvictExpiredRecordsPersistence.swift in Sources */,
				A2CE96741DA96FBC007571CE /* EvictRecord.swift in Sources */,
				A2CE96841DA96FBC007571CE /* Reply.swift in Sources */,
				5732E54C1C9C6F04005513E0 /* MockOMStruct.swift in Sources */,
				A2CE96711DA96FBC007571CE /* Action.swift in Sources */,
				A2CE967F1DA96FBC007571CE /* Record.swift in Sources */,
				A2CE967D1DA96FBC007571CE /* Disk.swift in Sources */,
				A2CE96691DA96FBC007571CE /* Cacheable.swift in Sources */,
				A2CE96831DA96FBC007571CE /* Provider.swift in Sources */,
				A2CE966F1DA96FBC007571CE /* EvictDynamicKeyGroup.swift in Sources */,
				A2CE96821DA96FBC007571CE /* LifeCache.swift in Sources */,
				A2CE96761DA96FBC007571CE /* HasRecordExpired.swift in Sources */,
				A2CE96781DA96FBC007571CE /* SaveRecord.swift in Sources */,
				57A199CB1C9B096F00EF3D51 /* AppDelegate.swift in Sources */,
				A2CE966C1DA96FBC007571CE /* DynamicKey.swift in Sources */,
				A2CE96751DA96FBC007571CE /* GetDeepCopy.swift in Sources */,
				5732E5461C9C6F04005513E0 /* MockGlossClass.swift in Sources */,
				A2CE96811DA96FBC007571CE /* RxCacheInternal.swift in Sources */,
				A2CE966D1DA96FBC007571CE /* DynamicKeyGroup.swift in Sources */,
				5732E5481C9C6F04005513E0 /* MockGlossStruct.swift in Sources */,
			);
			runOnlyForDeploymentPostprocessing = 0;
		};
		57A199DA1C9B099300EF3D51 /* Sources */ = {
			isa = PBXSourcesBuildPhase;
			buildActionMask = 2147483647;
			files = (
				5732E54D1C9C6F04005513E0 /* MockOMStruct.swift in Sources */,
				5732E5471C9C6F04005513E0 /* MockGlossClass.swift in Sources */,
				57A199E11C9B099300EF3D51 /* main.swift in Sources */,
				57A199FC1C9B0D7300EF3D51 /* Respository.swift in Sources */,
				5732E5491C9C6F04005513E0 /* MockGlossStruct.swift in Sources */,
				5732E54B1C9C6F04005513E0 /* MockOMClass.swift in Sources */,
			);
			runOnlyForDeploymentPostprocessing = 0;
		};
/* End PBXSourcesBuildPhase section */

/* Begin PBXVariantGroup section */
		57A199CE1C9B096F00EF3D51 /* Main.storyboard */ = {
			isa = PBXVariantGroup;
			children = (
				57A199CF1C9B096F00EF3D51 /* Base */,
			);
			name = Main.storyboard;
			sourceTree = "<group>";
		};
		57A199D31C9B096F00EF3D51 /* LaunchScreen.storyboard */ = {
			isa = PBXVariantGroup;
			children = (
				57A199D41C9B096F00EF3D51 /* Base */,
			);
			name = LaunchScreen.storyboard;
			sourceTree = "<group>";
		};
/* End PBXVariantGroup section */

/* Begin XCBuildConfiguration section */
		57A199C11C9B095C00EF3D51 /* Debug */ = {
			isa = XCBuildConfiguration;
			buildSettings = {
			};
			name = Debug;
		};
		57A199C21C9B095C00EF3D51 /* Release */ = {
			isa = XCBuildConfiguration;
			buildSettings = {
			};
			name = Release;
		};
		57A199D81C9B096F00EF3D51 /* Debug */ = {
			isa = XCBuildConfiguration;
			baseConfigurationReference = 76A3720FD052861BA8602F84 /* Pods-iOS.debug.xcconfig */;
			buildSettings = {
				ALWAYS_SEARCH_USER_PATHS = NO;
				ASSETCATALOG_COMPILER_APPICON_NAME = AppIcon;
				CLANG_CXX_LANGUAGE_STANDARD = "gnu++0x";
				CLANG_CXX_LIBRARY = "libc++";
				CLANG_ENABLE_MODULES = YES;
				CLANG_ENABLE_OBJC_ARC = YES;
				CLANG_WARN_BOOL_CONVERSION = YES;
				CLANG_WARN_CONSTANT_CONVERSION = YES;
				CLANG_WARN_DIRECT_OBJC_ISA_USAGE = YES_ERROR;
				CLANG_WARN_EMPTY_BODY = YES;
				CLANG_WARN_ENUM_CONVERSION = YES;
				CLANG_WARN_INT_CONVERSION = YES;
				CLANG_WARN_OBJC_ROOT_CLASS = YES_ERROR;
				CLANG_WARN_UNREACHABLE_CODE = YES;
				CLANG_WARN__DUPLICATE_METHOD_MATCH = YES;
				"CODE_SIGN_IDENTITY[sdk=iphoneos*]" = "iPhone Developer";
				COPY_PHASE_STRIP = NO;
				DEBUG_INFORMATION_FORMAT = dwarf;
				ENABLE_STRICT_OBJC_MSGSEND = YES;
				ENABLE_TESTABILITY = YES;
				GCC_C_LANGUAGE_STANDARD = gnu99;
				GCC_DYNAMIC_NO_PIC = NO;
				GCC_NO_COMMON_BLOCKS = YES;
				GCC_OPTIMIZATION_LEVEL = 0;
				GCC_PREPROCESSOR_DEFINITIONS = (
					"DEBUG=1",
					"$(inherited)",
				);
				GCC_WARN_64_TO_32_BIT_CONVERSION = YES;
				GCC_WARN_ABOUT_RETURN_TYPE = YES_ERROR;
				GCC_WARN_UNDECLARED_SELECTOR = YES;
				GCC_WARN_UNINITIALIZED_AUTOS = YES_AGGRESSIVE;
				GCC_WARN_UNUSED_FUNCTION = YES;
				GCC_WARN_UNUSED_VARIABLE = YES;
				INFOPLIST_FILE = iOS/Info.plist;
				IPHONEOS_DEPLOYMENT_TARGET = 9.2;
				LD_RUNPATH_SEARCH_PATHS = "$(inherited) @executable_path/Frameworks";
				MTL_ENABLE_DEBUG_INFO = YES;
				ONLY_ACTIVE_ARCH = YES;
				PRODUCT_BUNDLE_IDENTIFIER = io.victoralbertos.iOS;
				PRODUCT_NAME = "$(TARGET_NAME)";
				SDKROOT = iphoneos;
				SWIFT_OPTIMIZATION_LEVEL = "-Onone";
				SWIFT_VERSION = 3.0;
			};
			name = Debug;
		};
		57A199D91C9B096F00EF3D51 /* Release */ = {
			isa = XCBuildConfiguration;
			baseConfigurationReference = 879254ECA463D920DDB0C048 /* Pods-iOS.release.xcconfig */;
			buildSettings = {
				ALWAYS_SEARCH_USER_PATHS = NO;
				ASSETCATALOG_COMPILER_APPICON_NAME = AppIcon;
				CLANG_CXX_LANGUAGE_STANDARD = "gnu++0x";
				CLANG_CXX_LIBRARY = "libc++";
				CLANG_ENABLE_MODULES = YES;
				CLANG_ENABLE_OBJC_ARC = YES;
				CLANG_WARN_BOOL_CONVERSION = YES;
				CLANG_WARN_CONSTANT_CONVERSION = YES;
				CLANG_WARN_DIRECT_OBJC_ISA_USAGE = YES_ERROR;
				CLANG_WARN_EMPTY_BODY = YES;
				CLANG_WARN_ENUM_CONVERSION = YES;
				CLANG_WARN_INT_CONVERSION = YES;
				CLANG_WARN_OBJC_ROOT_CLASS = YES_ERROR;
				CLANG_WARN_UNREACHABLE_CODE = YES;
				CLANG_WARN__DUPLICATE_METHOD_MATCH = YES;
				"CODE_SIGN_IDENTITY[sdk=iphoneos*]" = "iPhone Developer";
				COPY_PHASE_STRIP = NO;
				DEBUG_INFORMATION_FORMAT = "dwarf-with-dsym";
				ENABLE_NS_ASSERTIONS = NO;
				ENABLE_STRICT_OBJC_MSGSEND = YES;
				GCC_C_LANGUAGE_STANDARD = gnu99;
				GCC_NO_COMMON_BLOCKS = YES;
				GCC_WARN_64_TO_32_BIT_CONVERSION = YES;
				GCC_WARN_ABOUT_RETURN_TYPE = YES_ERROR;
				GCC_WARN_UNDECLARED_SELECTOR = YES;
				GCC_WARN_UNINITIALIZED_AUTOS = YES_AGGRESSIVE;
				GCC_WARN_UNUSED_FUNCTION = YES;
				GCC_WARN_UNUSED_VARIABLE = YES;
				INFOPLIST_FILE = iOS/Info.plist;
				IPHONEOS_DEPLOYMENT_TARGET = 9.2;
				LD_RUNPATH_SEARCH_PATHS = "$(inherited) @executable_path/Frameworks";
				MTL_ENABLE_DEBUG_INFO = NO;
				PRODUCT_BUNDLE_IDENTIFIER = io.victoralbertos.iOS;
				PRODUCT_NAME = "$(TARGET_NAME)";
				SDKROOT = iphoneos;
				SWIFT_VERSION = 3.0;
				VALIDATE_PRODUCT = YES;
			};
			name = Release;
		};
		57A199E31C9B099300EF3D51 /* Debug */ = {
			isa = XCBuildConfiguration;
			baseConfigurationReference = 5A343DDC3BC5F7D64283E754 /* Pods-OSX.debug.xcconfig */;
			buildSettings = {
				ALWAYS_SEARCH_USER_PATHS = NO;
				CLANG_CXX_LANGUAGE_STANDARD = "gnu++0x";
				CLANG_CXX_LIBRARY = "libc++";
				CLANG_ENABLE_MODULES = YES;
				CLANG_ENABLE_OBJC_ARC = YES;
				CLANG_WARN_BOOL_CONVERSION = YES;
				CLANG_WARN_CONSTANT_CONVERSION = YES;
				CLANG_WARN_DIRECT_OBJC_ISA_USAGE = YES_ERROR;
				CLANG_WARN_EMPTY_BODY = YES;
				CLANG_WARN_ENUM_CONVERSION = YES;
				CLANG_WARN_INT_CONVERSION = YES;
				CLANG_WARN_OBJC_ROOT_CLASS = YES_ERROR;
				CLANG_WARN_UNREACHABLE_CODE = YES;
				CLANG_WARN__DUPLICATE_METHOD_MATCH = YES;
				CODE_SIGN_IDENTITY = "-";
				COPY_PHASE_STRIP = NO;
				DEBUG_INFORMATION_FORMAT = dwarf;
				ENABLE_STRICT_OBJC_MSGSEND = YES;
				ENABLE_TESTABILITY = YES;
				GCC_C_LANGUAGE_STANDARD = gnu99;
				GCC_DYNAMIC_NO_PIC = NO;
				GCC_NO_COMMON_BLOCKS = YES;
				GCC_OPTIMIZATION_LEVEL = 0;
				GCC_PREPROCESSOR_DEFINITIONS = (
					"DEBUG=1",
					"$(inherited)",
				);
				GCC_WARN_64_TO_32_BIT_CONVERSION = YES;
				GCC_WARN_ABOUT_RETURN_TYPE = YES_ERROR;
				GCC_WARN_UNDECLARED_SELECTOR = YES;
				GCC_WARN_UNINITIALIZED_AUTOS = YES_AGGRESSIVE;
				GCC_WARN_UNUSED_FUNCTION = YES;
				GCC_WARN_UNUSED_VARIABLE = YES;
				MACOSX_DEPLOYMENT_TARGET = 10.11;
				MTL_ENABLE_DEBUG_INFO = YES;
				ONLY_ACTIVE_ARCH = YES;
				PRODUCT_NAME = "$(TARGET_NAME)";
				SDKROOT = macosx;
				SWIFT_OPTIMIZATION_LEVEL = "-Onone";
			};
			name = Debug;
		};
		57A199E41C9B099300EF3D51 /* Release */ = {
			isa = XCBuildConfiguration;
			baseConfigurationReference = 380CB1152BBA11C31CF0B4BC /* Pods-OSX.release.xcconfig */;
			buildSettings = {
				ALWAYS_SEARCH_USER_PATHS = NO;
				CLANG_CXX_LANGUAGE_STANDARD = "gnu++0x";
				CLANG_CXX_LIBRARY = "libc++";
				CLANG_ENABLE_MODULES = YES;
				CLANG_ENABLE_OBJC_ARC = YES;
				CLANG_WARN_BOOL_CONVERSION = YES;
				CLANG_WARN_CONSTANT_CONVERSION = YES;
				CLANG_WARN_DIRECT_OBJC_ISA_USAGE = YES_ERROR;
				CLANG_WARN_EMPTY_BODY = YES;
				CLANG_WARN_ENUM_CONVERSION = YES;
				CLANG_WARN_INT_CONVERSION = YES;
				CLANG_WARN_OBJC_ROOT_CLASS = YES_ERROR;
				CLANG_WARN_UNREACHABLE_CODE = YES;
				CLANG_WARN__DUPLICATE_METHOD_MATCH = YES;
				CODE_SIGN_IDENTITY = "-";
				COPY_PHASE_STRIP = NO;
				DEBUG_INFORMATION_FORMAT = "dwarf-with-dsym";
				ENABLE_NS_ASSERTIONS = NO;
				ENABLE_STRICT_OBJC_MSGSEND = YES;
				GCC_C_LANGUAGE_STANDARD = gnu99;
				GCC_NO_COMMON_BLOCKS = YES;
				GCC_WARN_64_TO_32_BIT_CONVERSION = YES;
				GCC_WARN_ABOUT_RETURN_TYPE = YES_ERROR;
				GCC_WARN_UNDECLARED_SELECTOR = YES;
				GCC_WARN_UNINITIALIZED_AUTOS = YES_AGGRESSIVE;
				GCC_WARN_UNUSED_FUNCTION = YES;
				GCC_WARN_UNUSED_VARIABLE = YES;
				MACOSX_DEPLOYMENT_TARGET = 10.11;
				MTL_ENABLE_DEBUG_INFO = NO;
				PRODUCT_NAME = "$(TARGET_NAME)";
				SDKROOT = macosx;
			};
			name = Release;
		};
/* End XCBuildConfiguration section */

/* Begin XCConfigurationList section */
		57A199C01C9B095C00EF3D51 /* Build configuration list for PBXProject "Examples" */ = {
			isa = XCConfigurationList;
			buildConfigurations = (
				57A199C11C9B095C00EF3D51 /* Debug */,
				57A199C21C9B095C00EF3D51 /* Release */,
			);
			defaultConfigurationIsVisible = 0;
			defaultConfigurationName = Release;
		};
		57A199D71C9B096F00EF3D51 /* Build configuration list for PBXNativeTarget "iOS" */ = {
			isa = XCConfigurationList;
			buildConfigurations = (
				57A199D81C9B096F00EF3D51 /* Debug */,
				57A199D91C9B096F00EF3D51 /* Release */,
			);
			defaultConfigurationIsVisible = 0;
			defaultConfigurationName = Release;
		};
		57A199E21C9B099300EF3D51 /* Build configuration list for PBXNativeTarget "OSX" */ = {
			isa = XCConfigurationList;
			buildConfigurations = (
				57A199E31C9B099300EF3D51 /* Debug */,
				57A199E41C9B099300EF3D51 /* Release */,
			);
			defaultConfigurationIsVisible = 0;
			defaultConfigurationName = Release;
		};
/* End XCConfigurationList section */
	};
	rootObject = 57A199BD1C9B095C00EF3D51 /* Project object */;
}
